github.com/TheCreeper/go-notify v0.2.0 h1:akzlSD8IWx+uOZqGNwS0FYsThYuw11JkXsYiQXY5kgo=
github.com/TheCreeper/go-notify v0.2.0/go.mod h1:paZnY8fMbaOyZLQWJitGWAMrO5ot3Ow7id47cyEL1KA=
github.com/godbus/dbus/v5 v5.0.3 h1:ZqHaoEF7TBzh4jzPmqVhE/5A1z9of6orkAe5uHoAeME=
github.com/godbus/dbus/v5 v5.0.3/go.mod h1:xhWf0FNVPg57R7Z0UbKHbJfkEywrmjJnf7w5xrFpKfA=
